{
  "name": "deno-google-protobuf",
  "version": "1.0.0",
  "lockfileVersion": 1,
  "requires": true,
  "dependencies": {
    "google-protobuf": {
      "version": "3.12.1",
      "resolved": "https://registry.npmjs.org/google-protobuf/-/google-protobuf-3.12.1.tgz",
      "integrity": "sha512-tsWoKhSuLBrBm+BMDOLrwnSbfWurxZgLBDB7OO+yOIILfBZIlINgz9mrdqnn4YiGY64HwXg1TjaZ/26xgdJ3aQ=="
    }
  }
}
