{
  "name": "deno-google-protobuf",
  "version": "1.0.0",
  "lockfileVersion": 1,
  "requires": true,
  "dependencies": {
    "google-protobuf": {
      "version": "3.15.3",
      "resolved": "https://registry.npmjs.org/google-protobuf/-/google-protobuf-3.15.3.tgz",
      "integrity": "sha512-+q6w/pTPS8hmdeHe+OWO7PRKOkqtPM4+dxUUOtC9lLgiaLUd7FQq+0EkTt9UmEHf2KMigkbV1fIxSr73t/JG/A=="
    }
  }
}
