{
  "name": "deno-google-protobuf",
  "version": "1.0.0",
  "lockfileVersion": 1,
  "requires": true,
  "dependencies": {
    "google-protobuf": {
      "version": "3.15.7",
      "resolved": "https://registry.npmjs.org/google-protobuf/-/google-protobuf-3.15.7.tgz",
      "integrity": "sha512-S/kTHcT98AV2FxEwtT5lvgffeS87BB6hloZm+pYKkpzwtySwNiKcqXZbxpq/Odh3Wib1RdOe/oY2EHdi17YrlQ=="
    }
  }
}
